
Microsoft Visual Studio Solution File, Format Version 12.00
# Visual Studio Version 17
VisualStudioVersion = 17.1.32210.238
MinimumVisualStudioVersion = 10.0.40219.1
Project("{9A19103F-16F7-4668-BE54-9A1E7A4F7556}") = "LearnAutoFixture", "LearnAutoFixture\LearnAutoFixture.csproj", "{0443156C-A748-43A1-B0CE-D8DC863524B7}"
EndProject
Project("{9A19103F-16F7-4668-BE54-9A1E7A4F7556}") = "LearnAutoFixture.Tests", "LearnAutoFixture.Tests\LearnAutoFixture.Tests\LearnAutoFixture.Tests.csproj", "{C415BEEF-4D3C-49D6-9B9A-EAC2C73610F0}"
EndProject
Global
	GlobalSection(SolutionConfigurationPlatforms) = preSolution
		Debug|Any CPU = Debug|Any CPU
		Release|Any CPU = Release|Any CPU
	EndGlobalSection
	GlobalSection(ProjectConfigurationPlatforms) = postSolution
		{0443156C-A748-43A1-B0CE-D8DC863524B7}.Debug|Any CPU.ActiveCfg = Debug|Any CPU
		{0443156C-A748-43A1-B0CE-D8DC863524B7}.Debug|Any CPU.Build.0 = Debug|Any CPU
		{0443156C-A748-43A1-B0CE-D8DC863524B7}.Release|Any CPU.ActiveCfg = Release|Any CPU
		{0443156C-A748-43A1-B0CE-D8DC863524B7}.Release|Any CPU.Build.0 = Release|Any CPU
		{C415BEEF-4D3C-49D6-9B9A-EAC2C73610F0}.Debug|Any CPU.ActiveCfg = Debug|Any CPU
		{C415BEEF-4D3C-49D6-9B9A-EAC2C73610F0}.Debug|Any CPU.Build.0 = Debug|Any CPU
		{C415BEEF-4D3C-49D6-9B9A-EAC2C73610F0}.Release|Any CPU.ActiveCfg = Release|Any CPU
		{C415BEEF-4D3C-49D6-9B9A-EAC2C73610F0}.Release|Any CPU.Build.0 = Release|Any CPU
	EndGlobalSection
	GlobalSection(SolutionProperties) = preSolution
		HideSolutionNode = FALSE
	EndGlobalSection
	GlobalSection(ExtensibilityGlobals) = postSolution
		SolutionGuid = {3B659D14-D350-4424-B7B6-EBED1A0E6FAB}
	EndGlobalSection
EndGlobal
